
Microsoft Visual Studio Solution File, Format Version 12.00
# Visual Studio Version 17
VisualStudioVersion = 17.0.31903.59
MinimumVisualStudioVersion = 10.0.40219.1
Project("{2150E333-8FDC-42A3-9474-1A3956D46DE8}") = "src", "src", "{827E0CD3-B72D-47B6-A68D-7590B98EB39B}"
EndProject
Project("{FAE04EC0-301F-11D3-BF4B-00C04F79EFBC}") = "YemenDrive.Api", "src\YemenDrive.Api\YemenDrive.Api.csproj", "{2D10CC85-594B-4815-84D8-4EAC0404FD36}"
EndProject
Project("{FAE04EC0-301F-11D3-BF4B-00C04F79EFBC}") = "YemenDrive.Application", "src\YemenDrive.Application\YemenDrive.Application.csproj", "{E8E24689-C92D-438D-8CFE-1E9CD98843A5}"
EndProject
Project("{FAE04EC0-301F-11D3-BF4B-00C04F79EFBC}") = "YemenDrive.Services", "src\YemenDrive.Services\YemenDrive.Services.csproj", "{1477A24A-6957-4ADD-A3E3-8C1582486C2D}"
EndProject
Project("{FAE04EC0-301F-11D3-BF4B-00C04F79EFBC}") = "YemenDrive.Database", "src\YemenDrive.Database\YemenDrive.Database.csproj", "{136C2661-F6A5-4B27-AED2-0F4020B261B5}"
EndProject
Project("{FAE04EC0-301F-11D3-BF4B-00C04F79EFBC}") = "YemenDrive.Shared", "src\YemenDrive.Shared\YemenDrive.Shared.csproj", "{A68E6F2D-BD75-4CE3-A501-16C8FA2B6F15}"
EndProject
Global
	GlobalSection(SolutionConfigurationPlatforms) = preSolution
		Debug|Any CPU = Debug|Any CPU
		Debug|x64 = Debug|x64
		Debug|x86 = Debug|x86
		Release|Any CPU = Release|Any CPU
		Release|x64 = Release|x64
		Release|x86 = Release|x86
	EndGlobalSection
	GlobalSection(ProjectConfigurationPlatforms) = postSolution
		{2D10CC85-594B-4815-84D8-4EAC0404FD36}.Debug|Any CPU.ActiveCfg = Debug|Any CPU
		{2D10CC85-594B-4815-84D8-4EAC0404FD36}.Debug|Any CPU.Build.0 = Debug|Any CPU
		{2D10CC85-594B-4815-84D8-4EAC0404FD36}.Debug|x64.ActiveCfg = Debug|Any CPU
		{2D10CC85-594B-4815-84D8-4EAC0404FD36}.Debug|x64.Build.0 = Debug|Any CPU
		{2D10CC85-594B-4815-84D8-4EAC0404FD36}.Debug|x86.ActiveCfg = Debug|Any CPU
		{2D10CC85-594B-4815-84D8-4EAC0404FD36}.Debug|x86.Build.0 = Debug|Any CPU
		{2D10CC85-594B-4815-84D8-4EAC0404FD36}.Release|Any CPU.ActiveCfg = Release|Any CPU
		{2D10CC85-594B-4815-84D8-4EAC0404FD36}.Release|Any CPU.Build.0 = Release|Any CPU
		{2D10CC85-594B-4815-84D8-4EAC0404FD36}.Release|x64.ActiveCfg = Release|Any CPU
		{2D10CC85-594B-4815-84D8-4EAC0404FD36}.Release|x64.Build.0 = Release|Any CPU
		{2D10CC85-594B-4815-84D8-4EAC0404FD36}.Release|x86.ActiveCfg = Release|Any CPU
		{2D10CC85-594B-4815-84D8-4EAC0404FD36}.Release|x86.Build.0 = Release|Any CPU
		{E8E24689-C92D-438D-8CFE-1E9CD98843A5}.Debug|Any CPU.ActiveCfg = Debug|Any CPU
		{E8E24689-C92D-438D-8CFE-1E9CD98843A5}.Debug|Any CPU.Build.0 = Debug|Any CPU
		{E8E24689-C92D-438D-8CFE-1E9CD98843A5}.Debug|x64.ActiveCfg = Debug|Any CPU
		{E8E24689-C92D-438D-8CFE-1E9CD98843A5}.Debug|x64.Build.0 = Debug|Any CPU
		{E8E24689-C92D-438D-8CFE-1E9CD98843A5}.Debug|x86.ActiveCfg = Debug|Any CPU
		{E8E24689-C92D-438D-8CFE-1E9CD98843A5}.Debug|x86.Build.0 = Debug|Any CPU
		{E8E24689-C92D-438D-8CFE-1E9CD98843A5}.Release|Any CPU.ActiveCfg = Release|Any CPU
		{E8E24689-C92D-438D-8CFE-1E9CD98843A5}.Release|Any CPU.Build.0 = Release|Any CPU
		{E8E24689-C92D-438D-8CFE-1E9CD98843A5}.Release|x64.ActiveCfg = Release|Any CPU
		{E8E24689-C92D-438D-8CFE-1E9CD98843A5}.Release|x64.Build.0 = Release|Any CPU
		{E8E24689-C92D-438D-8CFE-1E9CD98843A5}.Release|x86.ActiveCfg = Release|Any CPU
		{E8E24689-C92D-438D-8CFE-1E9CD98843A5}.Release|x86.Build.0 = Release|Any CPU
		{1477A24A-6957-4ADD-A3E3-8C1582486C2D}.Debug|Any CPU.ActiveCfg = Debug|Any CPU
		{1477A24A-6957-4ADD-A3E3-8C1582486C2D}.Debug|Any CPU.Build.0 = Debug|Any CPU
		{1477A24A-6957-4ADD-A3E3-8C1582486C2D}.Debug|x64.ActiveCfg = Debug|Any CPU
		{1477A24A-6957-4ADD-A3E3-8C1582486C2D}.Debug|x64.Build.0 = Debug|Any CPU
		{1477A24A-6957-4ADD-A3E3-8C1582486C2D}.Debug|x86.ActiveCfg = Debug|Any CPU
		{1477A24A-6957-4ADD-A3E3-8C1582486C2D}.Debug|x86.Build.0 = Debug|Any CPU
		{1477A24A-6957-4ADD-A3E3-8C1582486C2D}.Release|Any CPU.ActiveCfg = Release|Any CPU
		{1477A24A-6957-4ADD-A3E3-8C1582486C2D}.Release|Any CPU.Build.0 = Release|Any CPU
		{1477A24A-6957-4ADD-A3E3-8C1582486C2D}.Release|x64.ActiveCfg = Release|Any CPU
		{1477A24A-6957-4ADD-A3E3-8C1582486C2D}.Release|x64.Build.0 = Release|Any CPU
		{1477A24A-6957-4ADD-A3E3-8C1582486C2D}.Release|x86.ActiveCfg = Release|Any CPU
		{1477A24A-6957-4ADD-A3E3-8C1582486C2D}.Release|x86.Build.0 = Release|Any CPU
		{136C2661-F6A5-4B27-AED2-0F4020B261B5}.Debug|Any CPU.ActiveCfg = Debug|Any CPU
		{136C2661-F6A5-4B27-AED2-0F4020B261B5}.Debug|Any CPU.Build.0 = Debug|Any CPU
		{136C2661-F6A5-4B27-AED2-0F4020B261B5}.Debug|x64.ActiveCfg = Debug|Any CPU
		{136C2661-F6A5-4B27-AED2-0F4020B261B5}.Debug|x64.Build.0 = Debug|Any CPU
		{136C2661-F6A5-4B27-AED2-0F4020B261B5}.Debug|x86.ActiveCfg = Debug|Any CPU
		{136C2661-F6A5-4B27-AED2-0F4020B261B5}.Debug|x86.Build.0 = Debug|Any CPU
		{136C2661-F6A5-4B27-AED2-0F4020B261B5}.Release|Any CPU.ActiveCfg = Release|Any CPU
		{136C2661-F6A5-4B27-AED2-0F4020B261B5}.Release|Any CPU.Build.0 = Release|Any CPU
		{136C2661-F6A5-4B27-AED2-0F4020B261B5}.Release|x64.ActiveCfg = Release|Any CPU
		{136C2661-F6A5-4B27-AED2-0F4020B261B5}.Release|x64.Build.0 = Release|Any CPU
		{136C2661-F6A5-4B27-AED2-0F4020B261B5}.Release|x86.ActiveCfg = Release|Any CPU
		{136C2661-F6A5-4B27-AED2-0F4020B261B5}.Release|x86.Build.0 = Release|Any CPU
		{A68E6F2D-BD75-4CE3-A501-16C8FA2B6F15}.Debug|Any CPU.ActiveCfg = Debug|Any CPU
		{A68E6F2D-BD75-4CE3-A501-16C8FA2B6F15}.Debug|Any CPU.Build.0 = Debug|Any CPU
		{A68E6F2D-BD75-4CE3-A501-16C8FA2B6F15}.Debug|x64.ActiveCfg = Debug|Any CPU
		{A68E6F2D-BD75-4CE3-A501-16C8FA2B6F15}.Debug|x64.Build.0 = Debug|Any CPU
		{A68E6F2D-BD75-4CE3-A501-16C8FA2B6F15}.Debug|x86.ActiveCfg = Debug|Any CPU
		{A68E6F2D-BD75-4CE3-A501-16C8FA2B6F15}.Debug|x86.Build.0 = Debug|Any CPU
		{A68E6F2D-BD75-4CE3-A501-16C8FA2B6F15}.Release|Any CPU.ActiveCfg = Release|Any CPU
		{A68E6F2D-BD75-4CE3-A501-16C8FA2B6F15}.Release|Any CPU.Build.0 = Release|Any CPU
		{A68E6F2D-BD75-4CE3-A501-16C8FA2B6F15}.Release|x64.ActiveCfg = Release|Any CPU
		{A68E6F2D-BD75-4CE3-A501-16C8FA2B6F15}.Release|x64.Build.0 = Release|Any CPU
		{A68E6F2D-BD75-4CE3-A501-16C8FA2B6F15}.Release|x86.ActiveCfg = Release|Any CPU
		{A68E6F2D-BD75-4CE3-A501-16C8FA2B6F15}.Release|x86.Build.0 = Release|Any CPU
	EndGlobalSection
	GlobalSection(SolutionProperties) = preSolution
		HideSolutionNode = FALSE
	EndGlobalSection
	GlobalSection(NestedProjects) = preSolution
		{2D10CC85-594B-4815-84D8-4EAC0404FD36} = {827E0CD3-B72D-47B6-A68D-7590B98EB39B}
		{E8E24689-C92D-438D-8CFE-1E9CD98843A5} = {827E0CD3-B72D-47B6-A68D-7590B98EB39B}
		{1477A24A-6957-4ADD-A3E3-8C1582486C2D} = {827E0CD3-B72D-47B6-A68D-7590B98EB39B}
		{136C2661-F6A5-4B27-AED2-0F4020B261B5} = {827E0CD3-B72D-47B6-A68D-7590B98EB39B}
		{A68E6F2D-BD75-4CE3-A501-16C8FA2B6F15} = {827E0CD3-B72D-47B6-A68D-7590B98EB39B}
	EndGlobalSection
EndGlobal
